
Microsoft Visual Studio Solution File, Format Version 12.00
# Visual Studio Version 16
VisualStudioVersion = 16.0.29519.87
MinimumVisualStudioVersion = 10.0.40219.1
Project("{FAE04EC0-301F-11D3-BF4B-00C04F79EFBC}") = "GameTheWolfOfWallStreet", "GameTheWolfOfWallStreet\GameTheWolfOfWallStreet.csproj", "{73E3AB17-867B-42BE-90AD-AA2A62CEA241}"
EndProject
Global
	GlobalSection(SolutionConfigurationPlatforms) = preSolution
		Debug|Any CPU = Debug|Any CPU
		Release|Any CPU = Release|Any CPU
	EndGlobalSection
	GlobalSection(ProjectConfigurationPlatforms) = postSolution
		{73E3AB17-867B-42BE-90AD-AA2A62CEA241}.Debug|Any CPU.ActiveCfg = Debug|Any CPU
		{73E3AB17-867B-42BE-90AD-AA2A62CEA241}.Debug|Any CPU.Build.0 = Debug|Any CPU
		{73E3AB17-867B-42BE-90AD-AA2A62CEA241}.Release|Any CPU.ActiveCfg = Release|Any CPU
		{73E3AB17-867B-42BE-90AD-AA2A62CEA241}.Release|Any CPU.Build.0 = Release|Any CPU
	EndGlobalSection
	GlobalSection(SolutionProperties) = preSolution
		HideSolutionNode = FALSE
	EndGlobalSection
	GlobalSection(ExtensibilityGlobals) = postSolution
		SolutionGuid = {0CBCA785-5D7F-4FF1-8E53-DC9A33F90F6A}
	EndGlobalSection
EndGlobal
